{
    "name": "mole-rpc-transport-webworker",
    "version": "1.0.0",
    "lockfileVersion": 2,
    "requires": true,
    "packages": {
        "": {
            "name": "mole-rpc-transport-webworker",
            "version": "1.0.0",
            "license": "MIT",
            "devDependencies": {
                "mole-rpc": "1.*"
            },
            "engines": {
                "node": ">=10.0.0"
            },
            "peerDependencies": {
                "mole-rpc": "1.*"
            }
        },
        "node_modules/mole-rpc": {
            "version": "1.0.3",
            "resolved": "https://registry.npmjs.org/mole-rpc/-/mole-rpc-1.0.3.tgz",
            "integrity": "sha512-b3BJ6yT5VIO8iCSabEnXF+5k1+SWJG055RqUV/CwJ+KWxTAKPv7ZSrXamVjMhNgywxssfPKhsHuD8/PPy3ldig==",
            "dev": true,
            "engines": {
                "node": ">=10.0.0"
            }
        }
    },
    "dependencies": {
        "mole-rpc": {
            "version": "1.0.3",
            "resolved": "https://registry.npmjs.org/mole-rpc/-/mole-rpc-1.0.3.tgz",
            "integrity": "sha512-b3BJ6yT5VIO8iCSabEnXF+5k1+SWJG055RqUV/CwJ+KWxTAKPv7ZSrXamVjMhNgywxssfPKhsHuD8/PPy3ldig==",
            "dev": true
        }
    }
}
